github.com/Gurux/gxcommon-go v1.0.4 h1:HtZ/ZT1iGt3BsAJLCZiIu1mrB3Rrl7FUjM2RoW7xKoc=
github.com/Gurux/gxcommon-go v1.0.4/go.mod h1:UACtU50hz0GYDQcC0ovd2mC3C5g4jH8nKrkS/DrIYeU=
golang.org/x/text v0.30.0 h1:yznKA/E9zq54KzlzBEAWn1NXSQ8DIp/NYMy88xJjl4k=
golang.org/x/text v0.30.0/go.mod h1:yDdHFIX9t+tORqspjENWgzaCVXgk0yYnYuSZ8UzzBVM=
