github.com/Gurux/gxcommon-go v1.0.1 h1:nKBSWvuzjdZAet3S7UD0gTJdF9Q7o98j6vfR+lFpyyQ=
github.com/Gurux/gxcommon-go v1.0.1/go.mod h1:akXUJHT6wafxB3bdE5ZsTq72OYtDaRZXVpN7ivqorI0=
github.com/Gurux/gxnet-go v1.0.1 h1:DPcb/DQuRG4ghAHotA07R4avIoDCymAbsK9TiXlzh0A=
github.com/Gurux/gxnet-go v1.0.1/go.mod h1:DGQMmb6yWMb75ju8XormpKJMn+sL/iOPjmV9D2sRPiA=
